
Microsoft Visual Studio Solution File, Format Version 12.00
# Visual Studio Version 17
VisualStudioVersion = 17.0.31903.59
MinimumVisualStudioVersion = 10.0.40219.1
Project("{FAE04EC0-301F-11D3-BF4B-00C04F79EFBC}") = "Api", "Api.csproj", "{60733260-E775-4E30-819A-9232D790A75E}"
EndProject
Global
	GlobalSection(SolutionConfigurationPlatforms) = preSolution
		Debug|Any CPU = Debug|Any CPU
		Release|Any CPU = Release|Any CPU
	EndGlobalSection
	GlobalSection(SolutionProperties) = preSolution
		HideSolutionNode = FALSE
	EndGlobalSection
	GlobalSection(ProjectConfigurationPlatforms) = postSolution
		{60733260-E775-4E30-819A-9232D790A75E}.Debug|Any CPU.ActiveCfg = Debug|Any CPU
		{60733260-E775-4E30-819A-9232D790A75E}.Debug|Any CPU.Build.0 = Debug|Any CPU
		{60733260-E775-4E30-819A-9232D790A75E}.Release|Any CPU.ActiveCfg = Release|Any CPU
		{60733260-E775-4E30-819A-9232D790A75E}.Release|Any CPU.Build.0 = Release|Any CPU
	EndGlobalSection
EndGlobal
